{
  "name": "sip-mrcp",
  "version": "1.4.0",
  "lockfileVersion": 2,
  "requires": true,
  "packages": {
    "": {
      "name": "sip-mrcp",
      "version": "1.4.0",
      "license": "MIT",
      "dependencies": {
        "@mayama/zeq": "^4.1.14",
        "collections": "^5.1.12",
        "data-matching": "^1.23.8",
        "lodash": "^4.17.20",
        "moment": "^2.29.1",
        "mrcp": "^1.4.1",
        "mrcp-utils": "^1.4.0",
        "rtp-session": "^1.3.2",
        "sip": "github:kirm/sip.js",
        "tart": "github:organix/tartjs#v0.3.0",
        "tracing-log": "^1.1.0",
        "uuid": "^7.0.3"
      }
    },
    "node_modules/@mayama/zeq": {
      "version": "4.1.14",
      "resolved": "https://registry.npmjs.org/@mayama/zeq/-/zeq-4.1.14.tgz",
      "integrity": "sha512-0gqrw7EVXRyY0lXKmfbTLbD6o+Bfv+Tiij9IblzvdDQNgCTmn8fYsR0eTgB1UbL5zwbhIWde2EdfRompBkLqgg==",
      "dependencies": {
        "chalk": "^4.0.0",
        "data-matching": "^1.23.9",
        "magic-globals": "github:MayamaTakeshi/magic-globals-MODS",
        "moment": "^2.29.1",
        "set-value": "^4.0.1",
        "y18n": "^5.0.8"
      }
    },
    "node_modules/ansi-styles": {
      "version": "4.3.0",
      "resolved": "https://registry.npmjs.org/ansi-styles/-/ansi-styles-4.3.0.tgz",
      "integrity": "sha512-zbB9rCJAT1rbjiVDb2hqKFHNYLxgtk8NURxZ3IZwD3F6NtxbXZQCnnSi1Lkx+IDohdPlFp222wVALIheZJQSEg==",
      "dependencies": {
        "color-convert": "^2.0.1"
      },
      "engines": {
        "node": ">=8"
      },
      "funding": {
        "url": "https://github.com/chalk/ansi-styles?sponsor=1"
      }
    },
    "node_modules/braces": {
      "version": "3.0.3",
      "resolved": "https://registry.npmjs.org/braces/-/braces-3.0.3.tgz",
      "integrity": "sha512-yQbXgO/OSZVD2IsiLlro+7Hf6Q18EJrKSEsdoMzKePKXct3gvD8oLcOQdIzGupr5Fj+EDe8gO/lxc1BzfMpxvA==",
      "dependencies": {
        "fill-range": "^7.1.1"
      },
      "engines": {
        "node": ">=8"
      }
    },
    "node_modules/chalk": {
      "version": "4.1.2",
      "resolved": "https://registry.npmjs.org/chalk/-/chalk-4.1.2.tgz",
      "integrity": "sha512-oKnbhFyRIXpUuez8iBMmyEa4nbj4IOQyuhc/wy9kY7/WVPcwIO9VA668Pu8RkO7+0G76SLROeyw9CpQ061i4mA==",
      "dependencies": {
        "ansi-styles": "^4.1.0",
        "supports-color": "^7.1.0"
      },
      "engines": {
        "node": ">=10"
      },
      "funding": {
        "url": "https://github.com/chalk/chalk?sponsor=1"
      }
    },
    "node_modules/collections": {
      "version": "5.1.12",
      "resolved": "https://registry.npmjs.org/collections/-/collections-5.1.12.tgz",
      "integrity": "sha512-7WV0gdGlQFHjB//+/5JW4CdMnOlf7fWMMeM3EWvuao7RbK0MeFS01bZOgWmIH5DHDejSutf455QUZ56ZjjROXw==",
      "dependencies": {
        "weak-map": "~1.0.x"
      }
    },
    "node_modules/color-convert": {
      "version": "2.0.1",
      "resolved": "https://registry.npmjs.org/color-convert/-/color-convert-2.0.1.tgz",
      "integrity": "sha512-RRECPsj7iu/xb5oKYcsFHSppFNnsj/52OVTRKb4zP5onXwVF3zVmmToNcOfGC+CRDpfK/U584fMg38ZHCaElKQ==",
      "dependencies": {
        "color-name": "~1.1.4"
      },
      "engines": {
        "node": ">=7.0.0"
      }
    },
    "node_modules/color-name": {
      "version": "1.1.4",
      "resolved": "https://registry.npmjs.org/color-name/-/color-name-1.1.4.tgz",
      "integrity": "sha512-dOy+3AuW3a2wNbZHIuMZpTcgjGuLU/uBL/ubcZF9OXbDo8ff4O8yVp5Bf0efS8uEoYo5q4Fx7dY9OgQGXgAsQA=="
    },
    "node_modules/data-matching": {
      "version": "1.24.0",
      "resolved": "https://registry.npmjs.org/data-matching/-/data-matching-1.24.0.tgz",
      "integrity": "sha512-0LfUbk+75eg1CFVTJNRJV/IJlbB2WOKJGT6LLN99cpzHIdxwzbrHIIxdRA6bPcSEUbEQQ2qPI3S/Z7c4+u1T1g==",
      "dependencies": {
        "braces": "^3.0.2",
        "lodash": "^4.17.21",
        "set-value": "^4.0.1",
        "string-matching": "^1.11.8",
        "tmpl": "^1.0.5"
      }
    },
    "node_modules/fill-range": {
      "version": "7.1.1",
      "resolved": "https://registry.npmjs.org/fill-range/-/fill-range-7.1.1.tgz",
      "integrity": "sha512-YsGpe3WHLK8ZYi4tWDg2Jy3ebRz2rXowDxnld4bkQB00cc/1Zw9AWnC0i9ztDJitivtQvaI9KaLyKrc+hBW0yg==",
      "dependencies": {
        "to-regex-range": "^5.0.1"
      },
      "engines": {
        "node": ">=8"
      }
    },
    "node_modules/has-flag": {
      "version": "4.0.0",
      "resolved": "https://registry.npmjs.org/has-flag/-/has-flag-4.0.0.tgz",
      "integrity": "sha512-EykJT/Q1KjTWctppgIAgfSO0tKVuZUjhgMr17kqTumMl6Afv3EISleU7qZUzoXDFTAHTDC4NOoG/ZxU3EvlMPQ==",
      "engines": {
        "node": ">=8"
      }
    },
    "node_modules/is-number": {
      "version": "7.0.0",
      "resolved": "https://registry.npmjs.org/is-number/-/is-number-7.0.0.tgz",
      "integrity": "sha512-41Cifkg6e8TylSpdtTpeLVMqvSBEVzTttHvERD741+pnZ8ANv0004MRL43QKPDlK9cGvNp6NZWZUBlbGXYxxng==",
      "engines": {
        "node": ">=0.12.0"
      }
    },
    "node_modules/is-plain-object": {
      "version": "2.0.4",
      "resolved": "https://registry.npmjs.org/is-plain-object/-/is-plain-object-2.0.4.tgz",
      "integrity": "sha512-h5PpgXkWitc38BBMYawTYMWJHFZJVnBquFE57xFpjB8pJFiF6gZ+bU+WyI/yqXiFR5mdLsgYNaPe8uao6Uv9Og==",
      "dependencies": {
        "isobject": "^3.0.1"
      },
      "engines": {
        "node": ">=0.10.0"
      }
    },
    "node_modules/is-primitive": {
      "version": "3.0.1",
      "resolved": "https://registry.npmjs.org/is-primitive/-/is-primitive-3.0.1.tgz",
      "integrity": "sha512-GljRxhWvlCNRfZyORiH77FwdFwGcMO620o37EOYC0ORWdq+WYNVqW0w2Juzew4M+L81l6/QS3t5gkkihyRqv9w==",
      "engines": {
        "node": ">=0.10.0"
      }
    },
    "node_modules/isobject": {
      "version": "3.0.1",
      "resolved": "https://registry.npmjs.org/isobject/-/isobject-3.0.1.tgz",
      "integrity": "sha1-TkMekrEalzFjaqH5yNHMvP2reN8=",
      "engines": {
        "node": ">=0.10.0"
      }
    },
    "node_modules/lodash": {
      "version": "4.17.21",
      "resolved": "https://registry.npmjs.org/lodash/-/lodash-4.17.21.tgz",
      "integrity": "sha512-v2kDEe57lecTulaDIuNTPy3Ry4gLGJ6Z1O3vE1krgXZNrsQ+LFTGHVxVjcXPs17LhbZVGedAJv8XZ1tvj5FvSg=="
    },
    "node_modules/magic-globals": {
      "version": "0.9.1",
      "resolved": "git+ssh://git@github.com/MayamaTakeshi/magic-globals-MODS.git#533171cf78d393c27743444b4dc76dcca0754742",
      "license": "MIT"
    },
    "node_modules/merge": {
      "version": "2.1.1",
      "resolved": "https://registry.npmjs.org/merge/-/merge-2.1.1.tgz",
      "integrity": "sha512-jz+Cfrg9GWOZbQAnDQ4hlVnQky+341Yk5ru8bZSe6sIDTCIg8n9i/u7hSQGSVOF3C7lH6mGtqjkiT9G4wFLL0w=="
    },
    "node_modules/moment": {
      "version": "2.29.4",
      "resolved": "https://registry.npmjs.org/moment/-/moment-2.29.4.tgz",
      "integrity": "sha512-5LC9SOxjSc2HF6vO2CyuTDNivEdoz2IvyJJGj6X8DJ0eFyfszE0QiEd+iXmBvUP3WHxSjFH/vIsA0EN00cgr8w==",
      "engines": {
        "node": "*"
      }
    },
    "node_modules/mrcp": {
      "version": "1.4.1",
      "resolved": "https://registry.npmjs.org/mrcp/-/mrcp-1.4.1.tgz",
      "integrity": "sha512-4svpsbYaQmmMqbuiybqe7Yv1MxGMJrv8AiP3a6aSOn3/g7I+K1Ew5E1QY/ueurY+jwTgivmA73ooRGl8Om7bmA=="
    },
    "node_modules/mrcp-utils": {
      "version": "1.4.0",
      "resolved": "https://registry.npmjs.org/mrcp-utils/-/mrcp-utils-1.4.0.tgz",
      "integrity": "sha512-2BeTB4NEWNVfg1eLEjl8Px2ZOykPna+9C8YvS9tgtENBVmYw8IsCZd1Loh24oFvuF537rFq5O/ZLftNjffATLw==",
      "dependencies": {
        "data-matching": "^1.23.6"
      }
    },
    "node_modules/rtp-session": {
      "version": "1.3.2",
      "resolved": "https://registry.npmjs.org/rtp-session/-/rtp-session-1.3.2.tgz",
      "integrity": "sha512-EtrQdeFGXVU5mgWKvAeoAiRKhBcSDOxV/mCb0WD6JbDF6t2hzJ2pFu7p7sHGdQ2a+/TK0CXn3Ep50P2KKDbcjw=="
    },
    "node_modules/set-value": {
      "version": "4.1.0",
      "resolved": "https://registry.npmjs.org/set-value/-/set-value-4.1.0.tgz",
      "integrity": "sha512-zTEg4HL0RwVrqcWs3ztF+x1vkxfm0lP+MQQFPiMJTKVceBwEV0A569Ou8l9IYQG8jOZdMVI1hGsc0tmeD2o/Lw==",
      "funding": [
        "https://github.com/sponsors/jonschlinkert",
        "https://paypal.me/jonathanschlinkert",
        "https://jonschlinkert.dev/sponsor"
      ],
      "dependencies": {
        "is-plain-object": "^2.0.4",
        "is-primitive": "^3.0.1"
      },
      "engines": {
        "node": ">=11.0"
      }
    },
    "node_modules/sip": {
      "version": "0.0.6",
      "resolved": "git+ssh://git@github.com/kirm/sip.js.git#13ba9b3364dd918477bf01e5ebba65be0fe6210b",
      "dependencies": {
        "ws": "^7.4.6"
      },
      "engines": {
        "node": ">=0.2.2"
      }
    },
    "node_modules/string-matching": {
      "version": "1.11.8",
      "resolved": "https://registry.npmjs.org/string-matching/-/string-matching-1.11.8.tgz",
      "integrity": "sha512-hxtUrJwXiWqo5ve5HtNkaBCottmj4UgsdhXe62wmj1F2PxRaNcbKvPtgecmp5/DFrDfTbN1uVzl1Ke6H6KY2Ww==",
      "dependencies": {
        "merge": "^2.1.1",
        "set-value": ">=4.0.1"
      }
    },
    "node_modules/supports-color": {
      "version": "7.2.0",
      "resolved": "https://registry.npmjs.org/supports-color/-/supports-color-7.2.0.tgz",
      "integrity": "sha512-qpCAvRl9stuOHveKsn7HncJRvv501qIacKzQlO/+Lwxc9+0q2wLyv4Dfvt80/DPn2pqOBsJdDiogXGR9+OvwRw==",
      "dependencies": {
        "has-flag": "^4.0.0"
      },
      "engines": {
        "node": ">=8"
      }
    },
    "node_modules/tart": {
      "version": "0.3.0",
      "resolved": "git+ssh://git@github.com/organix/tartjs.git#f5128c5d5a9675b08ab04118cafc6e92f44675c8",
      "license": "MIT"
    },
    "node_modules/tmpl": {
      "version": "1.0.5",
      "resolved": "https://registry.npmjs.org/tmpl/-/tmpl-1.0.5.tgz",
      "integrity": "sha512-3f0uOEAQwIqGuWW2MVzYg8fV/QNnc/IpuJNG837rLuczAaLVHslWHZQj4IGiEl5Hs3kkbhwL9Ab7Hrsmuj+Smw=="
    },
    "node_modules/to-regex-range": {
      "version": "5.0.1",
      "resolved": "https://registry.npmjs.org/to-regex-range/-/to-regex-range-5.0.1.tgz",
      "integrity": "sha512-65P7iz6X5yEr1cwcgvQxbbIw7Uk3gOy5dIdtZ4rDveLqhrdJP+Li/Hx6tyK0NEb+2GCyneCMJiGqrADCSNk8sQ==",
      "dependencies": {
        "is-number": "^7.0.0"
      },
      "engines": {
        "node": ">=8.0"
      }
    },
    "node_modules/tracing-log": {
      "version": "1.1.0",
      "resolved": "https://registry.npmjs.org/tracing-log/-/tracing-log-1.1.0.tgz",
      "integrity": "sha512-HPtTJMn8mB6deGNxi2QgTrfrrPhegz5Pyfks6MSuawSJ2KicjyDamJWlZcIQcjQhSvYRjA7GaknfMK59UrbEWg==",
      "dependencies": {
        "moment": "^2.29.1"
      }
    },
    "node_modules/uuid": {
      "version": "7.0.3",
      "resolved": "https://registry.npmjs.org/uuid/-/uuid-7.0.3.tgz",
      "integrity": "sha512-DPSke0pXhTZgoF/d+WSt2QaKMCFSfx7QegxEWT+JOuHF5aWrKEn0G+ztjuJg/gG8/ItK+rbPCD/yNv8yyih6Cg==",
      "bin": {
        "uuid": "dist/bin/uuid"
      }
    },
    "node_modules/weak-map": {
      "version": "1.0.5",
      "resolved": "https://registry.npmjs.org/weak-map/-/weak-map-1.0.5.tgz",
      "integrity": "sha1-eWkVhNmGB/UHC9O3CkDmuyLkAes="
    },
    "node_modules/ws": {
      "version": "7.5.10",
      "resolved": "https://registry.npmjs.org/ws/-/ws-7.5.10.tgz",
      "integrity": "sha512-+dbF1tHwZpXcbOJdVOkzLDxZP1ailvSxM6ZweXTegylPny803bFhA+vqBYw4s31NSAk4S2Qz+AKXK9a4wkdjcQ==",
      "engines": {
        "node": ">=8.3.0"
      },
      "peerDependencies": {
        "bufferutil": "^4.0.1",
        "utf-8-validate": "^5.0.2"
      },
      "peerDependenciesMeta": {
        "bufferutil": {
          "optional": true
        },
        "utf-8-validate": {
          "optional": true
        }
      }
    },
    "node_modules/y18n": {
      "version": "5.0.8",
      "resolved": "https://registry.npmjs.org/y18n/-/y18n-5.0.8.tgz",
      "integrity": "sha512-0pfFzegeDWJHJIAmTLRP2DwHjdF5s7jo9tuztdQxAhINCdvS+3nGINqPd00AphqJR/0LhANUS6/+7SCb98YOfA==",
      "engines": {
        "node": ">=10"
      }
    }
  },
  "dependencies": {
    "@mayama/zeq": {
      "version": "4.1.14",
      "resolved": "https://registry.npmjs.org/@mayama/zeq/-/zeq-4.1.14.tgz",
      "integrity": "sha512-0gqrw7EVXRyY0lXKmfbTLbD6o+Bfv+Tiij9IblzvdDQNgCTmn8fYsR0eTgB1UbL5zwbhIWde2EdfRompBkLqgg==",
      "requires": {
        "chalk": "^4.0.0",
        "data-matching": "^1.23.9",
        "magic-globals": "github:MayamaTakeshi/magic-globals-MODS",
        "moment": "^2.29.1",
        "set-value": "^4.0.1",
        "y18n": "^5.0.8"
      }
    },
    "ansi-styles": {
      "version": "4.3.0",
      "resolved": "https://registry.npmjs.org/ansi-styles/-/ansi-styles-4.3.0.tgz",
      "integrity": "sha512-zbB9rCJAT1rbjiVDb2hqKFHNYLxgtk8NURxZ3IZwD3F6NtxbXZQCnnSi1Lkx+IDohdPlFp222wVALIheZJQSEg==",
      "requires": {
        "color-convert": "^2.0.1"
      }
    },
    "braces": {
      "version": "3.0.3",
      "resolved": "https://registry.npmjs.org/braces/-/braces-3.0.3.tgz",
      "integrity": "sha512-yQbXgO/OSZVD2IsiLlro+7Hf6Q18EJrKSEsdoMzKePKXct3gvD8oLcOQdIzGupr5Fj+EDe8gO/lxc1BzfMpxvA==",
      "requires": {
        "fill-range": "^7.1.1"
      }
    },
    "chalk": {
      "version": "4.1.2",
      "resolved": "https://registry.npmjs.org/chalk/-/chalk-4.1.2.tgz",
      "integrity": "sha512-oKnbhFyRIXpUuez8iBMmyEa4nbj4IOQyuhc/wy9kY7/WVPcwIO9VA668Pu8RkO7+0G76SLROeyw9CpQ061i4mA==",
      "requires": {
        "ansi-styles": "^4.1.0",
        "supports-color": "^7.1.0"
      }
    },
    "collections": {
      "version": "5.1.12",
      "resolved": "https://registry.npmjs.org/collections/-/collections-5.1.12.tgz",
      "integrity": "sha512-7WV0gdGlQFHjB//+/5JW4CdMnOlf7fWMMeM3EWvuao7RbK0MeFS01bZOgWmIH5DHDejSutf455QUZ56ZjjROXw==",
      "requires": {
        "weak-map": "~1.0.x"
      }
    },
    "color-convert": {
      "version": "2.0.1",
      "resolved": "https://registry.npmjs.org/color-convert/-/color-convert-2.0.1.tgz",
      "integrity": "sha512-RRECPsj7iu/xb5oKYcsFHSppFNnsj/52OVTRKb4zP5onXwVF3zVmmToNcOfGC+CRDpfK/U584fMg38ZHCaElKQ==",
      "requires": {
        "color-name": "~1.1.4"
      }
    },
    "color-name": {
      "version": "1.1.4",
      "resolved": "https://registry.npmjs.org/color-name/-/color-name-1.1.4.tgz",
      "integrity": "sha512-dOy+3AuW3a2wNbZHIuMZpTcgjGuLU/uBL/ubcZF9OXbDo8ff4O8yVp5Bf0efS8uEoYo5q4Fx7dY9OgQGXgAsQA=="
    },
    "data-matching": {
      "version": "1.24.0",
      "resolved": "https://registry.npmjs.org/data-matching/-/data-matching-1.24.0.tgz",
      "integrity": "sha512-0LfUbk+75eg1CFVTJNRJV/IJlbB2WOKJGT6LLN99cpzHIdxwzbrHIIxdRA6bPcSEUbEQQ2qPI3S/Z7c4+u1T1g==",
      "requires": {
        "braces": "^3.0.2",
        "lodash": "^4.17.21",
        "set-value": "^4.0.1",
        "string-matching": "^1.11.8",
        "tmpl": "^1.0.5"
      }
    },
    "fill-range": {
      "version": "7.1.1",
      "resolved": "https://registry.npmjs.org/fill-range/-/fill-range-7.1.1.tgz",
      "integrity": "sha512-YsGpe3WHLK8ZYi4tWDg2Jy3ebRz2rXowDxnld4bkQB00cc/1Zw9AWnC0i9ztDJitivtQvaI9KaLyKrc+hBW0yg==",
      "requires": {
        "to-regex-range": "^5.0.1"
      }
    },
    "has-flag": {
      "version": "4.0.0",
      "resolved": "https://registry.npmjs.org/has-flag/-/has-flag-4.0.0.tgz",
      "integrity": "sha512-EykJT/Q1KjTWctppgIAgfSO0tKVuZUjhgMr17kqTumMl6Afv3EISleU7qZUzoXDFTAHTDC4NOoG/ZxU3EvlMPQ=="
    },
    "is-number": {
      "version": "7.0.0",
      "resolved": "https://registry.npmjs.org/is-number/-/is-number-7.0.0.tgz",
      "integrity": "sha512-41Cifkg6e8TylSpdtTpeLVMqvSBEVzTttHvERD741+pnZ8ANv0004MRL43QKPDlK9cGvNp6NZWZUBlbGXYxxng=="
    },
    "is-plain-object": {
      "version": "2.0.4",
      "resolved": "https://registry.npmjs.org/is-plain-object/-/is-plain-object-2.0.4.tgz",
      "integrity": "sha512-h5PpgXkWitc38BBMYawTYMWJHFZJVnBquFE57xFpjB8pJFiF6gZ+bU+WyI/yqXiFR5mdLsgYNaPe8uao6Uv9Og==",
      "requires": {
        "isobject": "^3.0.1"
      }
    },
    "is-primitive": {
      "version": "3.0.1",
      "resolved": "https://registry.npmjs.org/is-primitive/-/is-primitive-3.0.1.tgz",
      "integrity": "sha512-GljRxhWvlCNRfZyORiH77FwdFwGcMO620o37EOYC0ORWdq+WYNVqW0w2Juzew4M+L81l6/QS3t5gkkihyRqv9w=="
    },
    "isobject": {
      "version": "3.0.1",
      "resolved": "https://registry.npmjs.org/isobject/-/isobject-3.0.1.tgz",
      "integrity": "sha1-TkMekrEalzFjaqH5yNHMvP2reN8="
    },
    "lodash": {
      "version": "4.17.21",
      "resolved": "https://registry.npmjs.org/lodash/-/lodash-4.17.21.tgz",
      "integrity": "sha512-v2kDEe57lecTulaDIuNTPy3Ry4gLGJ6Z1O3vE1krgXZNrsQ+LFTGHVxVjcXPs17LhbZVGedAJv8XZ1tvj5FvSg=="
    },
    "magic-globals": {
      "version": "git+ssh://git@github.com/MayamaTakeshi/magic-globals-MODS.git#533171cf78d393c27743444b4dc76dcca0754742",
      "from": "magic-globals@github:MayamaTakeshi/magic-globals-MODS"
    },
    "merge": {
      "version": "2.1.1",
      "resolved": "https://registry.npmjs.org/merge/-/merge-2.1.1.tgz",
      "integrity": "sha512-jz+Cfrg9GWOZbQAnDQ4hlVnQky+341Yk5ru8bZSe6sIDTCIg8n9i/u7hSQGSVOF3C7lH6mGtqjkiT9G4wFLL0w=="
    },
    "moment": {
      "version": "2.29.4",
      "resolved": "https://registry.npmjs.org/moment/-/moment-2.29.4.tgz",
      "integrity": "sha512-5LC9SOxjSc2HF6vO2CyuTDNivEdoz2IvyJJGj6X8DJ0eFyfszE0QiEd+iXmBvUP3WHxSjFH/vIsA0EN00cgr8w=="
    },
    "mrcp": {
      "version": "1.4.1",
      "resolved": "https://registry.npmjs.org/mrcp/-/mrcp-1.4.1.tgz",
      "integrity": "sha512-4svpsbYaQmmMqbuiybqe7Yv1MxGMJrv8AiP3a6aSOn3/g7I+K1Ew5E1QY/ueurY+jwTgivmA73ooRGl8Om7bmA=="
    },
    "mrcp-utils": {
      "version": "1.4.0",
      "resolved": "https://registry.npmjs.org/mrcp-utils/-/mrcp-utils-1.4.0.tgz",
      "integrity": "sha512-2BeTB4NEWNVfg1eLEjl8Px2ZOykPna+9C8YvS9tgtENBVmYw8IsCZd1Loh24oFvuF537rFq5O/ZLftNjffATLw==",
      "requires": {
        "data-matching": "^1.23.6"
      }
    },
    "rtp-session": {
      "version": "1.3.2",
      "resolved": "https://registry.npmjs.org/rtp-session/-/rtp-session-1.3.2.tgz",
      "integrity": "sha512-EtrQdeFGXVU5mgWKvAeoAiRKhBcSDOxV/mCb0WD6JbDF6t2hzJ2pFu7p7sHGdQ2a+/TK0CXn3Ep50P2KKDbcjw=="
    },
    "set-value": {
      "version": "4.1.0",
      "resolved": "https://registry.npmjs.org/set-value/-/set-value-4.1.0.tgz",
      "integrity": "sha512-zTEg4HL0RwVrqcWs3ztF+x1vkxfm0lP+MQQFPiMJTKVceBwEV0A569Ou8l9IYQG8jOZdMVI1hGsc0tmeD2o/Lw==",
      "requires": {
        "is-plain-object": "^2.0.4",
        "is-primitive": "^3.0.1"
      }
    },
    "sip": {
      "version": "git+ssh://git@github.com/kirm/sip.js.git#13ba9b3364dd918477bf01e5ebba65be0fe6210b",
      "from": "sip@github:kirm/sip.js",
      "requires": {
        "ws": "^7.4.6"
      }
    },
    "string-matching": {
      "version": "1.11.8",
      "resolved": "https://registry.npmjs.org/string-matching/-/string-matching-1.11.8.tgz",
      "integrity": "sha512-hxtUrJwXiWqo5ve5HtNkaBCottmj4UgsdhXe62wmj1F2PxRaNcbKvPtgecmp5/DFrDfTbN1uVzl1Ke6H6KY2Ww==",
      "requires": {
        "merge": "^2.1.1",
        "set-value": ">=4.0.1"
      }
    },
    "supports-color": {
      "version": "7.2.0",
      "resolved": "https://registry.npmjs.org/supports-color/-/supports-color-7.2.0.tgz",
      "integrity": "sha512-qpCAvRl9stuOHveKsn7HncJRvv501qIacKzQlO/+Lwxc9+0q2wLyv4Dfvt80/DPn2pqOBsJdDiogXGR9+OvwRw==",
      "requires": {
        "has-flag": "^4.0.0"
      }
    },
    "tart": {
      "version": "git+ssh://git@github.com/organix/tartjs.git#f5128c5d5a9675b08ab04118cafc6e92f44675c8",
      "from": "tart@github:organix/tartjs#v0.3.0"
    },
    "tmpl": {
      "version": "1.0.5",
      "resolved": "https://registry.npmjs.org/tmpl/-/tmpl-1.0.5.tgz",
      "integrity": "sha512-3f0uOEAQwIqGuWW2MVzYg8fV/QNnc/IpuJNG837rLuczAaLVHslWHZQj4IGiEl5Hs3kkbhwL9Ab7Hrsmuj+Smw=="
    },
    "to-regex-range": {
      "version": "5.0.1",
      "resolved": "https://registry.npmjs.org/to-regex-range/-/to-regex-range-5.0.1.tgz",
      "integrity": "sha512-65P7iz6X5yEr1cwcgvQxbbIw7Uk3gOy5dIdtZ4rDveLqhrdJP+Li/Hx6tyK0NEb+2GCyneCMJiGqrADCSNk8sQ==",
      "requires": {
        "is-number": "^7.0.0"
      }
    },
    "tracing-log": {
      "version": "1.1.0",
      "resolved": "https://registry.npmjs.org/tracing-log/-/tracing-log-1.1.0.tgz",
      "integrity": "sha512-HPtTJMn8mB6deGNxi2QgTrfrrPhegz5Pyfks6MSuawSJ2KicjyDamJWlZcIQcjQhSvYRjA7GaknfMK59UrbEWg==",
      "requires": {
        "moment": "^2.29.1"
      }
    },
    "uuid": {
      "version": "7.0.3",
      "resolved": "https://registry.npmjs.org/uuid/-/uuid-7.0.3.tgz",
      "integrity": "sha512-DPSke0pXhTZgoF/d+WSt2QaKMCFSfx7QegxEWT+JOuHF5aWrKEn0G+ztjuJg/gG8/ItK+rbPCD/yNv8yyih6Cg=="
    },
    "weak-map": {
      "version": "1.0.5",
      "resolved": "https://registry.npmjs.org/weak-map/-/weak-map-1.0.5.tgz",
      "integrity": "sha1-eWkVhNmGB/UHC9O3CkDmuyLkAes="
    },
    "ws": {
      "version": "7.5.10",
      "resolved": "https://registry.npmjs.org/ws/-/ws-7.5.10.tgz",
      "integrity": "sha512-+dbF1tHwZpXcbOJdVOkzLDxZP1ailvSxM6ZweXTegylPny803bFhA+vqBYw4s31NSAk4S2Qz+AKXK9a4wkdjcQ==",
      "requires": {}
    },
    "y18n": {
      "version": "5.0.8",
      "resolved": "https://registry.npmjs.org/y18n/-/y18n-5.0.8.tgz",
      "integrity": "sha512-0pfFzegeDWJHJIAmTLRP2DwHjdF5s7jo9tuztdQxAhINCdvS+3nGINqPd00AphqJR/0LhANUS6/+7SCb98YOfA=="
    }
  }
}
